<?xml version="1.0" encoding="UTF-8" standalone="yes" ?>
<CodeBlocks_project_file>
	<FileVersion major="1" minor="6" />
	<Project>
		<Option title="adsbtest" />
		<Option pch_mode="2" />
		<Option compiler="gcc" />
		<Build>
			<Target title="Debug">
				<Option output="bin/Debug/adsbtest" prefix_auto="1" extension_auto="1" />
				<Option object_output="obj/Debug/" />
				<Option type="1" />
				<Option compiler="gcc" />
				<Compiler>
					<Add option="-g" />
					<Add directory="/home/anton.sidorov/test/UnitTest++/src/Posix" />
				</Compiler>
				<Linker>
					<Add library="../adsb/bin/Debug/libadsb.so" />
				</Linker>
			</Target>
			<Target title="Release">
				<Option output="bin/Release/adsbtest" prefix_auto="1" extension_auto="1" />
				<Option object_output="obj/Release/" />
				<Option type="1" />
				<Option compiler="gcc" />
				<Compiler>
					<Add option="-O2" />
				</Compiler>
				<Linker>
					<Add option="-s" />
					<Add library="../adsb/bin/Release/libadsb.so" />
				</Linker>
			</Target>
		</Build>
		<Compiler>
			<Add option="-Wall" />
			<Add option="-fexceptions" />
			<Add directory="/home/anton.sidorov/test/UnitTest++/src" />
			<Add directory="../adsb/include" />
		</Compiler>
		<Linker>
			<Add library="/home/anton.sidorov/test/UnitTest++/Deliv/Release/libUnitTest++.a" />
		</Linker>
		<Unit filename="main.cpp" />
		<Unit filename="src/squitter_tests.cpp" />
		<Extensions>
			<code_completion />
			<debugger />
		</Extensions>
	</Project>
</CodeBlocks_project_file>
